// !$*UTF8*$!
{
	archiveVersion = 1;
	classes = {
	};
	objectVersion = 56;
	objects = {

/* Begin PBXBuildFile section */
		7DB5A6F229DC139F00710C18 /* AppDelegate.swift in Sources */ = {isa = PBXBuildFile; fileRef = 7DB5A6F129DC139F00710C18 /* AppDelegate.swift */; };
		7DB5A6F429DC139F00710C18 /* SceneDelegate.swift in Sources */ = {isa = PBXBuildFile; fileRef = 7DB5A6F329DC139F00710C18 /* SceneDelegate.swift */; };
		7DB5A6F629DC139F00710C18 /* ViewController.swift in Sources */ = {isa = PBXBuildFile; fileRef = 7DB5A6F529DC139F00710C18 /* ViewController.swift */; };
		7DB5A6FB29DC13A100710C18 /* Assets.xcassets in Resources */ = {isa = PBXBuildFile; fileRef = 7DB5A6FA29DC13A100710C18 /* Assets.xcassets */; };
		7DB5A6FE29DC13A100710C18 /* LaunchScreen.storyboard in Resources */ = {isa = PBXBuildFile; fileRef = 7DB5A6FC29DC13A100710C18 /* LaunchScreen.storyboard */; };
		7DB5A71329DC13A100710C18 /* APODUITests.swift in Sources */ = {isa = PBXBuildFile; fileRef = 7DB5A71229DC13A100710C18 /* APODUITests.swift */; };
		7DB5A71529DC13A100710C18 /* APODUITestsLaunchTests.swift in Sources */ = {isa = PBXBuildFile; fileRef = 7DB5A71429DC13A100710C18 /* APODUITestsLaunchTests.swift */; };
		7DB5A73329DC15BE00710C18 /* HomeViewModel.swift in Sources */ = {isa = PBXBuildFile; fileRef = 7DB5A72429DC15BE00710C18 /* HomeViewModel.swift */; };
		7DB5A73429DC15BE00710C18 /* APODDataInteractorProtocol.swift in Sources */ = {isa = PBXBuildFile; fileRef = 7DB5A72529DC15BE00710C18 /* APODDataInteractorProtocol.swift */; };
		7DB5A73529DC15BE00710C18 /* HomeViewController.swift in Sources */ = {isa = PBXBuildFile; fileRef = 7DB5A72629DC15BE00710C18 /* HomeViewController.swift */; };
		7DB5A73629DC15BE00710C18 /* HomeBuilder.swift in Sources */ = {isa = PBXBuildFile; fileRef = 7DB5A72729DC15BE00710C18 /* HomeBuilder.swift */; };
		7DB5A73729DC15BE00710C18 /* APODContentView.swift in Sources */ = {isa = PBXBuildFile; fileRef = 7DB5A72829DC15BE00710C18 /* APODContentView.swift */; };
		7DB5A73829DC15BE00710C18 /* APODRepository.swift in Sources */ = {isa = PBXBuildFile; fileRef = 7DB5A72929DC15BE00710C18 /* APODRepository.swift */; };
		7DB5A73929DC15BE00710C18 /* APODDataInteractor.swift in Sources */ = {isa = PBXBuildFile; fileRef = 7DB5A72A29DC15BE00710C18 /* APODDataInteractor.swift */; };
		7DB5A73A29DC15BE00710C18 /* APODAPIRepository.swift in Sources */ = {isa = PBXBuildFile; fileRef = 7DB5A72B29DC15BE00710C18 /* APODAPIRepository.swift */; };
		7DB5A73B29DC15BE00710C18 /* APODCacheRepository.swift in Sources */ = {isa = PBXBuildFile; fileRef = 7DB5A72C29DC15BE00710C18 /* APODCacheRepository.swift */; };
		7DB5A73C29DC15BE00710C18 /* PanZoomImageView.swift in Sources */ = {isa = PBXBuildFile; fileRef = 7DB5A72E29DC15BE00710C18 /* PanZoomImageView.swift */; };
		7DB5A73D29DC15BE00710C18 /* PhotoDetailViewController.swift in Sources */ = {isa = PBXBuildFile; fileRef = 7DB5A73029DC15BE00710C18 /* PhotoDetailViewController.swift */; };
		7DB5A73E29DC15BE00710C18 /* PhotoDetailBuilder.swift in Sources */ = {isa = PBXBuildFile; fileRef = 7DB5A73129DC15BE00710C18 /* PhotoDetailBuilder.swift */; };
		7DB5A73F29DC15BE00710C18 /* PhotoDetailViewModel.swift in Sources */ = {isa = PBXBuildFile; fileRef = 7DB5A73229DC15BE00710C18 /* PhotoDetailViewModel.swift */; };
		7DB5A74729DC171500710C18 /* APODResponseModel.swift in Sources */ = {isa = PBXBuildFile; fileRef = 7DB5A74429DC171500710C18 /* APODResponseModel.swift */; };
		7DB5A74829DC171500710C18 /* APODData.swift in Sources */ = {isa = PBXBuildFile; fileRef = 7DB5A74529DC171500710C18 /* APODData.swift */; };
		7DB5A74929DC171500710C18 /* APODRequestModel.swift in Sources */ = {isa = PBXBuildFile; fileRef = 7DB5A74629DC171500710C18 /* APODRequestModel.swift */; };
		7DB5A74C29DC37C200710C18 /* ImageCache.swift in Sources */ = {isa = PBXBuildFile; fileRef = 7DB5A74B29DC37C200710C18 /* ImageCache.swift */; };
		7DB5A75329DC37D100710C18 /* Encodable+JSON.swift in Sources */ = {isa = PBXBuildFile; fileRef = 7DB5A74F29DC37D100710C18 /* Encodable+JSON.swift */; };
		7DB5A75429DC37D100710C18 /* UIImageview+URL.swift in Sources */ = {isa = PBXBuildFile; fileRef = 7DB5A75029DC37D100710C18 /* UIImageview+URL.swift */; };
		7DB5A75529DC37D100710C18 /* UIScrollview+ArrangeView.swift in Sources */ = {isa = PBXBuildFile; fileRef = 7DB5A75129DC37D100710C18 /* UIScrollview+ArrangeView.swift */; };
		7DB5A75E29DC37D800710C18 /* ParameterEncoding.swift in Sources */ = {isa = PBXBuildFile; fileRef = 7DB5A75729DC37D800710C18 /* ParameterEncoding.swift */; };
		7DB5A75F29DC37D800710C18 /* APODEndpoint.swift in Sources */ = {isa = PBXBuildFile; fileRef = 7DB5A75929DC37D800710C18 /* APODEndpoint.swift */; };
		7DB5A76029DC37D800710C18 /* API.swift in Sources */ = {isa = PBXBuildFile; fileRef = 7DB5A75A29DC37D800710C18 /* API.swift */; };
		7DB5A76129DC37D800710C18 /* Ednpoint+Default.swift in Sources */ = {isa = PBXBuildFile; fileRef = 7DB5A75B29DC37D800710C18 /* Ednpoint+Default.swift */; };
		7DB5A76229DC37D800710C18 /* APODResponseData.json in Resources */ = {isa = PBXBuildFile; fileRef = 7DB5A75C29DC37D800710C18 /* APODResponseData.json */; };
		7DB5A76329DC37D800710C18 /* Endpoint.swift in Sources */ = {isa = PBXBuildFile; fileRef = 7DB5A75D29DC37D800710C18 /* Endpoint.swift */; };
		7DB5A76529DC633700710C18 /* Main.storyboard in Resources */ = {isa = PBXBuildFile; fileRef = 7DB5A76429DC633700710C18 /* Main.storyboard */; };
		7DB5A76729DC76BD00710C18 /* APODAPIRepositoryTests.swift in Sources */ = {isa = PBXBuildFile; fileRef = 7DB5A76629DC76BD00710C18 /* APODAPIRepositoryTests.swift */; };
		7DB5A76929DC77B900710C18 /* APODCacheRepositoryTests.swift in Sources */ = {isa = PBXBuildFile; fileRef = 7DB5A76829DC77B900710C18 /* APODCacheRepositoryTests.swift */; };
		7DB5A76B29DC792F00710C18 /* APODDataInteractorTests.swift in Sources */ = {isa = PBXBuildFile; fileRef = 7DB5A76A29DC792F00710C18 /* APODDataInteractorTests.swift */; };
		7DB5A76E29DC7E1700710C18 /* APODAPIRepositoryMock.swift in Sources */ = {isa = PBXBuildFile; fileRef = 7DB5A76D29DC7E1700710C18 /* APODAPIRepositoryMock.swift */; };
		7DB5A77129DC7EC800710C18 /* APODCacheRepositoryMock.swift in Sources */ = {isa = PBXBuildFile; fileRef = 7DB5A77029DC7EC800710C18 /* APODCacheRepositoryMock.swift */; };
		7DB5A77329DC83C100710C18 /* APODDataModelMock.swift in Sources */ = {isa = PBXBuildFile; fileRef = 7DB5A77229DC83C100710C18 /* APODDataModelMock.swift */; };
		7DB5A77529DC8EB000710C18 /* HomeViewModelTests.swift in Sources */ = {isa = PBXBuildFile; fileRef = 7DB5A77429DC8EB000710C18 /* HomeViewModelTests.swift */; };
		7DB5A77729DC928600710C18 /* HomeViewBuilderTests.swift in Sources */ = {isa = PBXBuildFile; fileRef = 7DB5A77629DC928600710C18 /* HomeViewBuilderTests.swift */; };
		7DB5A77C29DFF73C00710C18 /* Coordinator.swift in Sources */ = {isa = PBXBuildFile; fileRef = 7DB5A77B29DFF73C00710C18 /* Coordinator.swift */; };
		7DB5A77E29DFF95700710C18 /* MainCoordinator.swift in Sources */ = {isa = PBXBuildFile; fileRef = 7DB5A77D29DFF95700710C18 /* MainCoordinator.swift */; };
		7DB5A78029E029A300710C18 /* DetailCoordinator.swift in Sources */ = {isa = PBXBuildFile; fileRef = 7DB5A77F29E029A300710C18 /* DetailCoordinator.swift */; };
/* End PBXBuildFile section */

/* Begin PBXContainerItemProxy section */
		7DB5A70529DC13A100710C18 /* PBXContainerItemProxy */ = {
			isa = PBXContainerItemProxy;
			containerPortal = 7DB5A6E629DC139F00710C18 /* Project object */;
			proxyType = 1;
			remoteGlobalIDString = 7DB5A6ED29DC139F00710C18;
			remoteInfo = APOD;
		};
		7DB5A70F29DC13A100710C18 /* PBXContainerItemProxy */ = {
			isa = PBXContainerItemProxy;
			containerPortal = 7DB5A6E629DC139F00710C18 /* Project object */;
			proxyType = 1;
			remoteGlobalIDString = 7DB5A6ED29DC139F00710C18;
			remoteInfo = APOD;
		};
/* End PBXContainerItemProxy section */

/* Begin PBXFileReference section */
		7DB5A6EE29DC139F00710C18 /* APOD.app */ = {isa = PBXFileReference; explicitFileType = wrapper.application; includeInIndex = 0; path = APOD.app; sourceTree = BUILT_PRODUCTS_DIR; };
		7DB5A6F129DC139F00710C18 /* AppDelegate.swift */ = {isa = PBXFileReference; lastKnownFileType = sourcecode.swift; path = AppDelegate.swift; sourceTree = "<group>"; };
		7DB5A6F329DC139F00710C18 /* SceneDelegate.swift */ = {isa = PBXFileReference; lastKnownFileType = sourcecode.swift; path = SceneDelegate.swift; sourceTree = "<group>"; };
		7DB5A6F529DC139F00710C18 /* ViewController.swift */ = {isa = PBXFileReference; lastKnownFileType = sourcecode.swift; path = ViewController.swift; sourceTree = "<group>"; };
		7DB5A6FA29DC13A100710C18 /* Assets.xcassets */ = {isa = PBXFileReference; lastKnownFileType = folder.assetcatalog; path = Assets.xcassets; sourceTree = "<group>"; };
		7DB5A6FD29DC13A100710C18 /* Base */ = {isa = PBXFileReference; lastKnownFileType = file.storyboard; name = Base; path = Base.lproj/LaunchScreen.storyboard; sourceTree = "<group>"; };
		7DB5A6FF29DC13A100710C18 /* Info.plist */ = {isa = PBXFileReference; lastKnownFileType = text.plist.xml; path = Info.plist; sourceTree = "<group>"; };
		7DB5A70429DC13A100710C18 /* APODTests.xctest */ = {isa = PBXFileReference; explicitFileType = wrapper.cfbundle; includeInIndex = 0; path = APODTests.xctest; sourceTree = BUILT_PRODUCTS_DIR; };
		7DB5A70E29DC13A100710C18 /* APODUITests.xctest */ = {isa = PBXFileReference; explicitFileType = wrapper.cfbundle; includeInIndex = 0; path = APODUITests.xctest; sourceTree = BUILT_PRODUCTS_DIR; };
		7DB5A71229DC13A100710C18 /* APODUITests.swift */ = {isa = PBXFileReference; lastKnownFileType = sourcecode.swift; path = APODUITests.swift; sourceTree = "<group>"; };
		7DB5A71429DC13A100710C18 /* APODUITestsLaunchTests.swift */ = {isa = PBXFileReference; lastKnownFileType = sourcecode.swift; path = APODUITestsLaunchTests.swift; sourceTree = "<group>"; };
		7DB5A72429DC15BE00710C18 /* HomeViewModel.swift */ = {isa = PBXFileReference; fileEncoding = 4; lastKnownFileType = sourcecode.swift; path = HomeViewModel.swift; sourceTree = "<group>"; };
		7DB5A72529DC15BE00710C18 /* APODDataInteractorProtocol.swift */ = {isa = PBXFileReference; fileEncoding = 4; lastKnownFileType = sourcecode.swift; path = APODDataInteractorProtocol.swift; sourceTree = "<group>"; };
		7DB5A72629DC15BE00710C18 /* HomeViewController.swift */ = {isa = PBXFileReference; fileEncoding = 4; lastKnownFileType = sourcecode.swift; path = HomeViewController.swift; sourceTree = "<group>"; };
		7DB5A72729DC15BE00710C18 /* HomeBuilder.swift */ = {isa = PBXFileReference; fileEncoding = 4; lastKnownFileType = sourcecode.swift; path = HomeBuilder.swift; sourceTree = "<group>"; };
		7DB5A72829DC15BE00710C18 /* APODContentView.swift */ = {isa = PBXFileReference; fileEncoding = 4; lastKnownFileType = sourcecode.swift; path = APODContentView.swift; sourceTree = "<group>"; };
		7DB5A72929DC15BE00710C18 /* APODRepository.swift */ = {isa = PBXFileReference; fileEncoding = 4; lastKnownFileType = sourcecode.swift; path = APODRepository.swift; sourceTree = "<group>"; };
		7DB5A72A29DC15BE00710C18 /* APODDataInteractor.swift */ = {isa = PBXFileReference; fileEncoding = 4; lastKnownFileType = sourcecode.swift; path = APODDataInteractor.swift; sourceTree = "<group>"; };
		7DB5A72B29DC15BE00710C18 /* APODAPIRepository.swift */ = {isa = PBXFileReference; fileEncoding = 4; lastKnownFileType = sourcecode.swift; path = APODAPIRepository.swift; sourceTree = "<group>"; };
		7DB5A72C29DC15BE00710C18 /* APODCacheRepository.swift */ = {isa = PBXFileReference; fileEncoding = 4; lastKnownFileType = sourcecode.swift; path = APODCacheRepository.swift; sourceTree = "<group>"; };
		7DB5A72E29DC15BE00710C18 /* PanZoomImageView.swift */ = {isa = PBXFileReference; fileEncoding = 4; lastKnownFileType = sourcecode.swift; path = PanZoomImageView.swift; sourceTree = "<group>"; };
		7DB5A73029DC15BE00710C18 /* PhotoDetailViewController.swift */ = {isa = PBXFileReference; fileEncoding = 4; lastKnownFileType = sourcecode.swift; path = PhotoDetailViewController.swift; sourceTree = "<group>"; };
		7DB5A73129DC15BE00710C18 /* PhotoDetailBuilder.swift */ = {isa = PBXFileReference; fileEncoding = 4; lastKnownFileType = sourcecode.swift; path = PhotoDetailBuilder.swift; sourceTree = "<group>"; };
		7DB5A73229DC15BE00710C18 /* PhotoDetailViewModel.swift */ = {isa = PBXFileReference; fileEncoding = 4; lastKnownFileType = sourcecode.swift; path = PhotoDetailViewModel.swift; sourceTree = "<group>"; };
		7DB5A74429DC171500710C18 /* APODResponseModel.swift */ = {isa = PBXFileReference; fileEncoding = 4; lastKnownFileType = sourcecode.swift; path = APODResponseModel.swift; sourceTree = "<group>"; };
		7DB5A74529DC171500710C18 /* APODData.swift */ = {isa = PBXFileReference; fileEncoding = 4; lastKnownFileType = sourcecode.swift; path = APODData.swift; sourceTree = "<group>"; };
		7DB5A74629DC171500710C18 /* APODRequestModel.swift */ = {isa = PBXFileReference; fileEncoding = 4; lastKnownFileType = sourcecode.swift; path = APODRequestModel.swift; sourceTree = "<group>"; };
		7DB5A74B29DC37C200710C18 /* ImageCache.swift */ = {isa = PBXFileReference; fileEncoding = 4; lastKnownFileType = sourcecode.swift; path = ImageCache.swift; sourceTree = "<group>"; };
		7DB5A74F29DC37D100710C18 /* Encodable+JSON.swift */ = {isa = PBXFileReference; fileEncoding = 4; lastKnownFileType = sourcecode.swift; path = "Encodable+JSON.swift"; sourceTree = "<group>"; };
		7DB5A75029DC37D100710C18 /* UIImageview+URL.swift */ = {isa = PBXFileReference; fileEncoding = 4; lastKnownFileType = sourcecode.swift; path = "UIImageview+URL.swift"; sourceTree = "<group>"; };
		7DB5A75129DC37D100710C18 /* UIScrollview+ArrangeView.swift */ = {isa = PBXFileReference; fileEncoding = 4; lastKnownFileType = sourcecode.swift; path = "UIScrollview+ArrangeView.swift"; sourceTree = "<group>"; };
		7DB5A75729DC37D800710C18 /* ParameterEncoding.swift */ = {isa = PBXFileReference; fileEncoding = 4; lastKnownFileType = sourcecode.swift; path = ParameterEncoding.swift; sourceTree = "<group>"; };
		7DB5A75929DC37D800710C18 /* APODEndpoint.swift */ = {isa = PBXFileReference; fileEncoding = 4; lastKnownFileType = sourcecode.swift; path = APODEndpoint.swift; sourceTree = "<group>"; };
		7DB5A75A29DC37D800710C18 /* API.swift */ = {isa = PBXFileReference; fileEncoding = 4; lastKnownFileType = sourcecode.swift; path = API.swift; sourceTree = "<group>"; };
		7DB5A75B29DC37D800710C18 /* Ednpoint+Default.swift */ = {isa = PBXFileReference; fileEncoding = 4; lastKnownFileType = sourcecode.swift; path = "Ednpoint+Default.swift"; sourceTree = "<group>"; };
		7DB5A75C29DC37D800710C18 /* APODResponseData.json */ = {isa = PBXFileReference; fileEncoding = 4; lastKnownFileType = text.json; path = APODResponseData.json; sourceTree = "<group>"; };
		7DB5A75D29DC37D800710C18 /* Endpoint.swift */ = {isa = PBXFileReference; fileEncoding = 4; lastKnownFileType = sourcecode.swift; path = Endpoint.swift; sourceTree = "<group>"; };
		7DB5A76429DC633700710C18 /* Main.storyboard */ = {isa = PBXFileReference; fileEncoding = 4; lastKnownFileType = file.storyboard; path = Main.storyboard; sourceTree = "<group>"; };
		7DB5A76629DC76BD00710C18 /* APODAPIRepositoryTests.swift */ = {isa = PBXFileReference; lastKnownFileType = sourcecode.swift; path = APODAPIRepositoryTests.swift; sourceTree = "<group>"; };
		7DB5A76829DC77B900710C18 /* APODCacheRepositoryTests.swift */ = {isa = PBXFileReference; lastKnownFileType = sourcecode.swift; path = APODCacheRepositoryTests.swift; sourceTree = "<group>"; };
		7DB5A76A29DC792F00710C18 /* APODDataInteractorTests.swift */ = {isa = PBXFileReference; lastKnownFileType = sourcecode.swift; path = APODDataInteractorTests.swift; sourceTree = "<group>"; };
		7DB5A76D29DC7E1700710C18 /* APODAPIRepositoryMock.swift */ = {isa = PBXFileReference; lastKnownFileType = sourcecode.swift; path = APODAPIRepositoryMock.swift; sourceTree = "<group>"; };
		7DB5A77029DC7EC800710C18 /* APODCacheRepositoryMock.swift */ = {isa = PBXFileReference; lastKnownFileType = sourcecode.swift; path = APODCacheRepositoryMock.swift; sourceTree = "<group>"; };
		7DB5A77229DC83C100710C18 /* APODDataModelMock.swift */ = {isa = PBXFileReference; lastKnownFileType = sourcecode.swift; path = APODDataModelMock.swift; sourceTree = "<group>"; };
		7DB5A77429DC8EB000710C18 /* HomeViewModelTests.swift */ = {isa = PBXFileReference; lastKnownFileType = sourcecode.swift; path = HomeViewModelTests.swift; sourceTree = "<group>"; };
		7DB5A77629DC928600710C18 /* HomeViewBuilderTests.swift */ = {isa = PBXFileReference; lastKnownFileType = sourcecode.swift; path = HomeViewBuilderTests.swift; sourceTree = "<group>"; };
		7DB5A77B29DFF73C00710C18 /* Coordinator.swift */ = {isa = PBXFileReference; lastKnownFileType = sourcecode.swift; path = Coordinator.swift; sourceTree = "<group>"; };
		7DB5A77D29DFF95700710C18 /* MainCoordinator.swift */ = {isa = PBXFileReference; lastKnownFileType = sourcecode.swift; path = MainCoordinator.swift; sourceTree = "<group>"; };
		7DB5A77F29E029A300710C18 /* DetailCoordinator.swift */ = {isa = PBXFileReference; lastKnownFileType = sourcecode.swift; path = DetailCoordinator.swift; sourceTree = "<group>"; };
/* End PBXFileReference section */

/* Begin PBXFrameworksBuildPhase section */
		7DB5A6EB29DC139F00710C18 /* Frameworks */ = {
			isa = PBXFrameworksBuildPhase;
			buildActionMask = 2147483647;
			files = (
			);
			runOnlyForDeploymentPostprocessing = 0;
		};
		7DB5A70129DC13A100710C18 /* Frameworks */ = {
			isa = PBXFrameworksBuildPhase;
			buildActionMask = 2147483647;
			files = (
			);
			runOnlyForDeploymentPostprocessing = 0;
		};
		7DB5A70B29DC13A100710C18 /* Frameworks */ = {
			isa = PBXFrameworksBuildPhase;
			buildActionMask = 2147483647;
			files = (
			);
			runOnlyForDeploymentPostprocessing = 0;
		};
/* End PBXFrameworksBuildPhase section */

/* Begin PBXGroup section */
		7DB5A6E529DC139F00710C18 = {
			isa = PBXGroup;
			children = (
				7DB5A6F029DC139F00710C18 /* APOD */,
				7DB5A70729DC13A100710C18 /* APODTests */,
				7DB5A71129DC13A100710C18 /* APODUITests */,
				7DB5A6EF29DC139F00710C18 /* Products */,
			);
			sourceTree = "<group>";
		};
		7DB5A6EF29DC139F00710C18 /* Products */ = {
			isa = PBXGroup;
			children = (
				7DB5A6EE29DC139F00710C18 /* APOD.app */,
				7DB5A70429DC13A100710C18 /* APODTests.xctest */,
				7DB5A70E29DC13A100710C18 /* APODUITests.xctest */,
			);
			name = Products;
			sourceTree = "<group>";
		};
		7DB5A6F029DC139F00710C18 /* APOD */ = {
			isa = PBXGroup;
			children = (
				7DB5A77A29DFF6FA00710C18 /* Coordinator */,
				7DB5A6F129DC139F00710C18 /* AppDelegate.swift */,
				7DB5A6F329DC139F00710C18 /* SceneDelegate.swift */,
				7DB5A6F529DC139F00710C18 /* ViewController.swift */,
				7DB5A75629DC37D800710C18 /* Networking */,
				7DB5A74D29DC37D100710C18 /* Extensions */,
				7DB5A74A29DC37C200710C18 /* Utility */,
				7DB5A72229DC15BE00710C18 /* Modules */,
				7DB5A6FA29DC13A100710C18 /* Assets.xcassets */,
				7DB5A76429DC633700710C18 /* Main.storyboard */,
				7DB5A6FC29DC13A100710C18 /* LaunchScreen.storyboard */,
				7DB5A6FF29DC13A100710C18 /* Info.plist */,
			);
			path = APOD;
			sourceTree = "<group>";
		};
		7DB5A70729DC13A100710C18 /* APODTests */ = {
			isa = PBXGroup;
			children = (
				7DB5A76C29DC7DEE00710C18 /* Mock */,
				7DB5A76629DC76BD00710C18 /* APODAPIRepositoryTests.swift */,
				7DB5A76829DC77B900710C18 /* APODCacheRepositoryTests.swift */,
				7DB5A76A29DC792F00710C18 /* APODDataInteractorTests.swift */,
				7DB5A77429DC8EB000710C18 /* HomeViewModelTests.swift */,
				7DB5A77629DC928600710C18 /* HomeViewBuilderTests.swift */,
			);
			path = APODTests;
			sourceTree = "<group>";
		};
		7DB5A71129DC13A100710C18 /* APODUITests */ = {
			isa = PBXGroup;
			children = (
				7DB5A71229DC13A100710C18 /* APODUITests.swift */,
				7DB5A71429DC13A100710C18 /* APODUITestsLaunchTests.swift */,
			);
			path = APODUITests;
			sourceTree = "<group>";
		};
		7DB5A72229DC15BE00710C18 /* Modules */ = {
			isa = PBXGroup;
			children = (
				7DB5A72D29DC15BE00710C18 /* CommonViews */,
				7DB5A72329DC15BE00710C18 /* Home */,
				7DB5A72F29DC15BE00710C18 /* Detail */,
			);
			path = Modules;
			sourceTree = "<group>";
		};
		7DB5A72329DC15BE00710C18 /* Home */ = {
			isa = PBXGroup;
			children = (
				7DB5A74029DC165700710C18 /* View */,
				7DB5A74329DC170200710C18 /* Model */,
				7DB5A74229DC168900710C18 /* Repository */,
				7DB5A74129DC167100710C18 /* Interactor */,
				7DB5A72429DC15BE00710C18 /* HomeViewModel.swift */,
				7DB5A72629DC15BE00710C18 /* HomeViewController.swift */,
				7DB5A72729DC15BE00710C18 /* HomeBuilder.swift */,
			);
			path = Home;
			sourceTree = "<group>";
		};
		7DB5A72D29DC15BE00710C18 /* CommonViews */ = {
			isa = PBXGroup;
			children = (
				7DB5A72E29DC15BE00710C18 /* PanZoomImageView.swift */,
			);
			path = CommonViews;
			sourceTree = "<group>";
		};
		7DB5A72F29DC15BE00710C18 /* Detail */ = {
			isa = PBXGroup;
			children = (
				7DB5A73029DC15BE00710C18 /* PhotoDetailViewController.swift */,
				7DB5A73129DC15BE00710C18 /* PhotoDetailBuilder.swift */,
				7DB5A73229DC15BE00710C18 /* PhotoDetailViewModel.swift */,
			);
			path = Detail;
			sourceTree = "<group>";
		};
		7DB5A74029DC165700710C18 /* View */ = {
			isa = PBXGroup;
			children = (
				7DB5A72829DC15BE00710C18 /* APODContentView.swift */,
			);
			name = View;
			sourceTree = "<group>";
		};
		7DB5A74129DC167100710C18 /* Interactor */ = {
			isa = PBXGroup;
			children = (
				7DB5A72529DC15BE00710C18 /* APODDataInteractorProtocol.swift */,
				7DB5A72A29DC15BE00710C18 /* APODDataInteractor.swift */,
			);
			name = Interactor;
			sourceTree = "<group>";
		};
		7DB5A74229DC168900710C18 /* Repository */ = {
			isa = PBXGroup;
			children = (
				7DB5A72929DC15BE00710C18 /* APODRepository.swift */,
				7DB5A72B29DC15BE00710C18 /* APODAPIRepository.swift */,
				7DB5A72C29DC15BE00710C18 /* APODCacheRepository.swift */,
			);
			name = Repository;
			sourceTree = "<group>";
		};
		7DB5A74329DC170200710C18 /* Model */ = {
			isa = PBXGroup;
			children = (
				7DB5A74529DC171500710C18 /* APODData.swift */,
				7DB5A74629DC171500710C18 /* APODRequestModel.swift */,
				7DB5A74429DC171500710C18 /* APODResponseModel.swift */,
			);
			name = Model;
			sourceTree = "<group>";
		};
		7DB5A74A29DC37C200710C18 /* Utility */ = {
			isa = PBXGroup;
			children = (
				7DB5A74B29DC37C200710C18 /* ImageCache.swift */,
			);
			path = Utility;
			sourceTree = "<group>";
		};
		7DB5A74D29DC37D100710C18 /* Extensions */ = {
			isa = PBXGroup;
			children = (
				7DB5A74F29DC37D100710C18 /* Encodable+JSON.swift */,
				7DB5A75029DC37D100710C18 /* UIImageview+URL.swift */,
				7DB5A75129DC37D100710C18 /* UIScrollview+ArrangeView.swift */,
			);
			path = Extensions;
			sourceTree = "<group>";
		};
		7DB5A75629DC37D800710C18 /* Networking */ = {
			isa = PBXGroup;
			children = (
				7DB5A75829DC37D800710C18 /* AppEndpoints */,
				7DB5A75729DC37D800710C18 /* ParameterEncoding.swift */,
				7DB5A75A29DC37D800710C18 /* API.swift */,
				7DB5A75B29DC37D800710C18 /* Ednpoint+Default.swift */,
				7DB5A75C29DC37D800710C18 /* APODResponseData.json */,
				7DB5A75D29DC37D800710C18 /* Endpoint.swift */,
			);
			path = Networking;
			sourceTree = "<group>";
		};
		7DB5A75829DC37D800710C18 /* AppEndpoints */ = {
			isa = PBXGroup;
			children = (
				7DB5A75929DC37D800710C18 /* APODEndpoint.swift */,
			);
			path = AppEndpoints;
			sourceTree = "<group>";
		};
		7DB5A76C29DC7DEE00710C18 /* Mock */ = {
			isa = PBXGroup;
			children = (
				7DB5A77229DC83C100710C18 /* APODDataModelMock.swift */,
				7DB5A76D29DC7E1700710C18 /* APODAPIRepositoryMock.swift */,
				7DB5A77029DC7EC800710C18 /* APODCacheRepositoryMock.swift */,
			);
			path = Mock;
			sourceTree = "<group>";
		};
		7DB5A77A29DFF6FA00710C18 /* Coordinator */ = {
			isa = PBXGroup;
			children = (
				7DB5A77B29DFF73C00710C18 /* Coordinator.swift */,
				7DB5A77D29DFF95700710C18 /* MainCoordinator.swift */,
				7DB5A77F29E029A300710C18 /* DetailCoordinator.swift */,
			);
			path = Coordinator;
			sourceTree = "<group>";
		};
/* End PBXGroup section */

/* Begin PBXNativeTarget section */
		7DB5A6ED29DC139F00710C18 /* APOD */ = {
			isa = PBXNativeTarget;
			buildConfigurationList = 7DB5A71829DC13A100710C18 /* Build configuration list for PBXNativeTarget "APOD" */;
			buildPhases = (
				7DB5A6EA29DC139F00710C18 /* Sources */,
				7DB5A6EB29DC139F00710C18 /* Frameworks */,
				7DB5A6EC29DC139F00710C18 /* Resources */,
			);
			buildRules = (
			);
			dependencies = (
			);
			name = APOD;
			productName = APOD;
			productReference = 7DB5A6EE29DC139F00710C18 /* APOD.app */;
			productType = "com.apple.product-type.application";
		};
		7DB5A70329DC13A100710C18 /* APODTests */ = {
			isa = PBXNativeTarget;
			buildConfigurationList = 7DB5A71B29DC13A100710C18 /* Build configuration list for PBXNativeTarget "APODTests" */;
			buildPhases = (
				7DB5A70029DC13A100710C18 /* Sources */,
				7DB5A70129DC13A100710C18 /* Frameworks */,
				7DB5A70229DC13A100710C18 /* Resources */,
			);
			buildRules = (
			);
			dependencies = (
				7DB5A70629DC13A100710C18 /* PBXTargetDependency */,
			);
			name = APODTests;
			productName = APODTests;
			productReference = 7DB5A70429DC13A100710C18 /* APODTests.xctest */;
			productType = "com.apple.product-type.bundle.unit-test";
		};
		7DB5A70D29DC13A100710C18 /* APODUITests */ = {
			isa = PBXNativeTarget;
			buildConfigurationList = 7DB5A71E29DC13A100710C18 /* Build configuration list for PBXNativeTarget "APODUITests" */;
			buildPhases = (
				7DB5A70A29DC13A100710C18 /* Sources */,
				7DB5A70B29DC13A100710C18 /* Frameworks */,
				7DB5A70C29DC13A100710C18 /* Resources */,
			);
			buildRules = (
			);
			dependencies = (
				7DB5A71029DC13A100710C18 /* PBXTargetDependency */,
			);
			name = APODUITests;
			productName = APODUITests;
			productReference = 7DB5A70E29DC13A100710C18 /* APODUITests.xctest */;
			productType = "com.apple.product-type.bundle.ui-testing";
		};
/* End PBXNativeTarget section */

/* Begin PBXProject section */
		7DB5A6E629DC139F00710C18 /* Project object */ = {
			isa = PBXProject;
			attributes = {
				BuildIndependentTargetsInParallel = 1;
				LastSwiftUpdateCheck = 1410;
				LastUpgradeCheck = 1410;
				TargetAttributes = {
					7DB5A6ED29DC139F00710C18 = {
						CreatedOnToolsVersion = 14.1;
					};
					7DB5A70329DC13A100710C18 = {
						CreatedOnToolsVersion = 14.1;
						TestTargetID = 7DB5A6ED29DC139F00710C18;
					};
					7DB5A70D29DC13A100710C18 = {
						CreatedOnToolsVersion = 14.1;
						TestTargetID = 7DB5A6ED29DC139F00710C18;
					};
				};
			};
			buildConfigurationList = 7DB5A6E929DC139F00710C18 /* Build configuration list for PBXProject "APOD" */;
			compatibilityVersion = "Xcode 14.0";
			developmentRegion = en;
			hasScannedForEncodings = 0;
			knownRegions = (
				en,
				Base,
			);
			mainGroup = 7DB5A6E529DC139F00710C18;
			productRefGroup = 7DB5A6EF29DC139F00710C18 /* Products */;
			projectDirPath = "";
			projectRoot = "";
			targets = (
				7DB5A6ED29DC139F00710C18 /* APOD */,
				7DB5A70329DC13A100710C18 /* APODTests */,
				7DB5A70D29DC13A100710C18 /* APODUITests */,
			);
		};
/* End PBXProject section */

/* Begin PBXResourcesBuildPhase section */
		7DB5A6EC29DC139F00710C18 /* Resources */ = {
			isa = PBXResourcesBuildPhase;
			buildActionMask = 2147483647;
			files = (
				7DB5A6FE29DC13A100710C18 /* LaunchScreen.storyboard in Resources */,
				7DB5A6FB29DC13A100710C18 /* Assets.xcassets in Resources */,
				7DB5A76229DC37D800710C18 /* APODResponseData.json in Resources */,
				7DB5A76529DC633700710C18 /* Main.storyboard in Resources */,
			);
			runOnlyForDeploymentPostprocessing = 0;
		};
		7DB5A70229DC13A100710C18 /* Resources */ = {
			isa = PBXResourcesBuildPhase;
			buildActionMask = 2147483647;
			files = (
			);
			runOnlyForDeploymentPostprocessing = 0;
		};
		7DB5A70C29DC13A100710C18 /* Resources */ = {
			isa = PBXResourcesBuildPhase;
			buildActionMask = 2147483647;
			files = (
			);
			runOnlyForDeploymentPostprocessing = 0;
		};
/* End PBXResourcesBuildPhase section */

/* Begin PBXSourcesBuildPhase section */
		7DB5A6EA29DC139F00710C18 /* Sources */ = {
			isa = PBXSourcesBuildPhase;
			buildActionMask = 2147483647;
			files = (
				7DB5A75F29DC37D800710C18 /* APODEndpoint.swift in Sources */,
				7DB5A76329DC37D800710C18 /* Endpoint.swift in Sources */,
				7DB5A6F629DC139F00710C18 /* ViewController.swift in Sources */,
				7DB5A6F229DC139F00710C18 /* AppDelegate.swift in Sources */,
				7DB5A73929DC15BE00710C18 /* APODDataInteractor.swift in Sources */,
				7DB5A73729DC15BE00710C18 /* APODContentView.swift in Sources */,
				7DB5A75429DC37D100710C18 /* UIImageview+URL.swift in Sources */,
				7DB5A76129DC37D800710C18 /* Ednpoint+Default.swift in Sources */,
				7DB5A6F429DC139F00710C18 /* SceneDelegate.swift in Sources */,
				7DB5A76029DC37D800710C18 /* API.swift in Sources */,
				7DB5A73629DC15BE00710C18 /* HomeBuilder.swift in Sources */,
				7DB5A73829DC15BE00710C18 /* APODRepository.swift in Sources */,
				7DB5A78029E029A300710C18 /* DetailCoordinator.swift in Sources */,
				7DB5A74829DC171500710C18 /* APODData.swift in Sources */,
				7DB5A77E29DFF95700710C18 /* MainCoordinator.swift in Sources */,
				7DB5A73C29DC15BE00710C18 /* PanZoomImageView.swift in Sources */,
				7DB5A73329DC15BE00710C18 /* HomeViewModel.swift in Sources */,
				7DB5A74C29DC37C200710C18 /* ImageCache.swift in Sources */,
				7DB5A73B29DC15BE00710C18 /* APODCacheRepository.swift in Sources */,
				7DB5A74729DC171500710C18 /* APODResponseModel.swift in Sources */,
				7DB5A77C29DFF73C00710C18 /* Coordinator.swift in Sources */,
				7DB5A75529DC37D100710C18 /* UIScrollview+ArrangeView.swift in Sources */,
				7DB5A73D29DC15BE00710C18 /* PhotoDetailViewController.swift in Sources */,
				7DB5A75E29DC37D800710C18 /* ParameterEncoding.swift in Sources */,
				7DB5A73A29DC15BE00710C18 /* APODAPIRepository.swift in Sources */,
				7DB5A73429DC15BE00710C18 /* APODDataInteractorProtocol.swift in Sources */,
				7DB5A75329DC37D100710C18 /* Encodable+JSON.swift in Sources */,
				7DB5A73529DC15BE00710C18 /* HomeViewController.swift in Sources */,
				7DB5A73F29DC15BE00710C18 /* PhotoDetailViewModel.swift in Sources */,
				7DB5A74929DC171500710C18 /* APODRequestModel.swift in Sources */,
				7DB5A73E29DC15BE00710C18 /* PhotoDetailBuilder.swift in Sources */,
			);
			runOnlyForDeploymentPostprocessing = 0;
		};
		7DB5A70029DC13A100710C18 /* Sources */ = {
			isa = PBXSourcesBuildPhase;
			buildActionMask = 2147483647;
			files = (
				7DB5A77329DC83C100710C18 /* APODDataModelMock.swift in Sources */,
				7DB5A77529DC8EB000710C18 /* HomeViewModelTests.swift in Sources */,
				7DB5A76B29DC792F00710C18 /* APODDataInteractorTests.swift in Sources */,
				7DB5A77729DC928600710C18 /* HomeViewBuilderTests.swift in Sources */,
				7DB5A76E29DC7E1700710C18 /* APODAPIRepositoryMock.swift in Sources */,
				7DB5A77129DC7EC800710C18 /* APODCacheRepositoryMock.swift in Sources */,
				7DB5A76729DC76BD00710C18 /* APODAPIRepositoryTests.swift in Sources */,
				7DB5A76929DC77B900710C18 /* APODCacheRepositoryTests.swift in Sources */,
			);
			runOnlyForDeploymentPostprocessing = 0;
		};
		7DB5A70A29DC13A100710C18 /* Sources */ = {
			isa = PBXSourcesBuildPhase;
			buildActionMask = 2147483647;
			files = (
				7DB5A71529DC13A100710C18 /* APODUITestsLaunchTests.swift in Sources */,
				7DB5A71329DC13A100710C18 /* APODUITests.swift in Sources */,
			);
			runOnlyForDeploymentPostprocessing = 0;
		};
/* End PBXSourcesBuildPhase section */

/* Begin PBXTargetDependency section */
		7DB5A70629DC13A100710C18 /* PBXTargetDependency */ = {
			isa = PBXTargetDependency;
			target = 7DB5A6ED29DC139F00710C18 /* APOD */;
			targetProxy = 7DB5A70529DC13A100710C18 /* PBXContainerItemProxy */;
		};
		7DB5A71029DC13A100710C18 /* PBXTargetDependency */ = {
			isa = PBXTargetDependency;
			target = 7DB5A6ED29DC139F00710C18 /* APOD */;
			targetProxy = 7DB5A70F29DC13A100710C18 /* PBXContainerItemProxy */;
		};
/* End PBXTargetDependency section */

/* Begin PBXVariantGroup section */
		7DB5A6FC29DC13A100710C18 /* LaunchScreen.storyboard */ = {
			isa = PBXVariantGroup;
			children = (
				7DB5A6FD29DC13A100710C18 /* Base */,
			);
			name = LaunchScreen.storyboard;
			sourceTree = "<group>";
		};
/* End PBXVariantGroup section */

/* Begin XCBuildConfiguration section */
		7DB5A71629DC13A100710C18 /* Debug */ = {
			isa = XCBuildConfiguration;
			buildSettings = {
				ALWAYS_SEARCH_USER_PATHS = NO;
				CLANG_ANALYZER_NONNULL = YES;
				CLANG_ANALYZER_NUMBER_OBJECT_CONVERSION = YES_AGGRESSIVE;
				CLANG_CXX_LANGUAGE_STANDARD = "gnu++20";
				CLANG_ENABLE_MODULES = YES;
				CLANG_ENABLE_OBJC_ARC = YES;
				CLANG_ENABLE_OBJC_WEAK = YES;
				CLANG_WARN_BLOCK_CAPTURE_AUTORELEASING = YES;
				CLANG_WARN_BOOL_CONVERSION = YES;
				CLANG_WARN_COMMA = YES;
				CLANG_WARN_CONSTANT_CONVERSION = YES;
				CLANG_WARN_DEPRECATED_OBJC_IMPLEMENTATIONS = YES;
				CLANG_WARN_DIRECT_OBJC_ISA_USAGE = YES_ERROR;
				CLANG_WARN_DOCUMENTATION_COMMENTS = YES;
				CLANG_WARN_EMPTY_BODY = YES;
				CLANG_WARN_ENUM_CONVERSION = YES;
				CLANG_WARN_INFINITE_RECURSION = YES;
				CLANG_WARN_INT_CONVERSION = YES;
				CLANG_WARN_NON_LITERAL_NULL_CONVERSION = YES;
				CLANG_WARN_OBJC_IMPLICIT_RETAIN_SELF = YES;
				CLANG_WARN_OBJC_LITERAL_CONVERSION = YES;
				CLANG_WARN_OBJC_ROOT_CLASS = YES_ERROR;
				CLANG_WARN_QUOTED_INCLUDE_IN_FRAMEWORK_HEADER = YES;
				CLANG_WARN_RANGE_LOOP_ANALYSIS = YES;
				CLANG_WARN_STRICT_PROTOTYPES = YES;
				CLANG_WARN_SUSPICIOUS_MOVE = YES;
				CLANG_WARN_UNGUARDED_AVAILABILITY = YES_AGGRESSIVE;
				CLANG_WARN_UNREACHABLE_CODE = YES;
				CLANG_WARN__DUPLICATE_METHOD_MATCH = YES;
				COPY_PHASE_STRIP = NO;
				DEBUG_INFORMATION_FORMAT = dwarf;
				ENABLE_STRICT_OBJC_MSGSEND = YES;
				ENABLE_TESTABILITY = YES;
				GCC_C_LANGUAGE_STANDARD = gnu11;
				GCC_DYNAMIC_NO_PIC = NO;
				GCC_NO_COMMON_BLOCKS = YES;
				GCC_OPTIMIZATION_LEVEL = 0;
				GCC_PREPROCESSOR_DEFINITIONS = (
					"DEBUG=1",
					"$(inherited)",
				);
				GCC_WARN_64_TO_32_BIT_CONVERSION = YES;
				GCC_WARN_ABOUT_RETURN_TYPE = YES_ERROR;
				GCC_WARN_UNDECLARED_SELECTOR = YES;
				GCC_WARN_UNINITIALIZED_AUTOS = YES_AGGRESSIVE;
				GCC_WARN_UNUSED_FUNCTION = YES;
				GCC_WARN_UNUSED_VARIABLE = YES;
				IPHONEOS_DEPLOYMENT_TARGET = 16.1;
				MTL_ENABLE_DEBUG_INFO = INCLUDE_SOURCE;
				MTL_FAST_MATH = YES;
				ONLY_ACTIVE_ARCH = YES;
				SDKROOT = iphoneos;
				SWIFT_ACTIVE_COMPILATION_CONDITIONS = DEBUG;
				SWIFT_OPTIMIZATION_LEVEL = "-Onone";
			};
			name = Debug;
		};
		7DB5A71729DC13A100710C18 /* Release */ = {
			isa = XCBuildConfiguration;
			buildSettings = {
				ALWAYS_SEARCH_USER_PATHS = NO;
				CLANG_ANALYZER_NONNULL = YES;
				CLANG_ANALYZER_NUMBER_OBJECT_CONVERSION = YES_AGGRESSIVE;
				CLANG_CXX_LANGUAGE_STANDARD = "gnu++20";
				CLANG_ENABLE_MODULES = YES;
				CLANG_ENABLE_OBJC_ARC = YES;
				CLANG_ENABLE_OBJC_WEAK = YES;
				CLANG_WARN_BLOCK_CAPTURE_AUTORELEASING = YES;
				CLANG_WARN_BOOL_CONVERSION = YES;
				CLANG_WARN_COMMA = YES;
				CLANG_WARN_CONSTANT_CONVERSION = YES;
				CLANG_WARN_DEPRECATED_OBJC_IMPLEMENTATIONS = YES;
				CLANG_WARN_DIRECT_OBJC_ISA_USAGE = YES_ERROR;
				CLANG_WARN_DOCUMENTATION_COMMENTS = YES;
				CLANG_WARN_EMPTY_BODY = YES;
				CLANG_WARN_ENUM_CONVERSION = YES;
				CLANG_WARN_INFINITE_RECURSION = YES;
				CLANG_WARN_INT_CONVERSION = YES;
				CLANG_WARN_NON_LITERAL_NULL_CONVERSION = YES;
				CLANG_WARN_OBJC_IMPLICIT_RETAIN_SELF = YES;
				CLANG_WARN_OBJC_LITERAL_CONVERSION = YES;
				CLANG_WARN_OBJC_ROOT_CLASS = YES_ERROR;
				CLANG_WARN_QUOTED_INCLUDE_IN_FRAMEWORK_HEADER = YES;
				CLANG_WARN_RANGE_LOOP_ANALYSIS = YES;
				CLANG_WARN_STRICT_PROTOTYPES = YES;
				CLANG_WARN_SUSPICIOUS_MOVE = YES;
				CLANG_WARN_UNGUARDED_AVAILABILITY = YES_AGGRESSIVE;
				CLANG_WARN_UNREACHABLE_CODE = YES;
				CLANG_WARN__DUPLICATE_METHOD_MATCH = YES;
				COPY_PHASE_STRIP = NO;
				DEBUG_INFORMATION_FORMAT = "dwarf-with-dsym";
				ENABLE_NS_ASSERTIONS = NO;
				ENABLE_STRICT_OBJC_MSGSEND = YES;
				GCC_C_LANGUAGE_STANDARD = gnu11;
				GCC_NO_COMMON_BLOCKS = YES;
				GCC_WARN_64_TO_32_BIT_CONVERSION = YES;
				GCC_WARN_ABOUT_RETURN_TYPE = YES_ERROR;
				GCC_WARN_UNDECLARED_SELECTOR = YES;
				GCC_WARN_UNINITIALIZED_AUTOS = YES_AGGRESSIVE;
				GCC_WARN_UNUSED_FUNCTION = YES;
				GCC_WARN_UNUSED_VARIABLE = YES;
				IPHONEOS_DEPLOYMENT_TARGET = 16.1;
				MTL_ENABLE_DEBUG_INFO = NO;
				MTL_FAST_MATH = YES;
				SDKROOT = iphoneos;
				SWIFT_COMPILATION_MODE = wholemodule;
				SWIFT_OPTIMIZATION_LEVEL = "-O";
				VALIDATE_PRODUCT = YES;
			};
			name = Release;
		};
		7DB5A71929DC13A100710C18 /* Debug */ = {
			isa = XCBuildConfiguration;
			buildSettings = {
				ASSETCATALOG_COMPILER_APPICON_NAME = AppIcon;
				ASSETCATALOG_COMPILER_GLOBAL_ACCENT_COLOR_NAME = AccentColor;
				CODE_SIGN_STYLE = Automatic;
				CURRENT_PROJECT_VERSION = 1;
				DEVELOPMENT_TEAM = G3Q9B6J99G;
				GENERATE_INFOPLIST_FILE = YES;
				INFOPLIST_FILE = APOD/Info.plist;
				INFOPLIST_KEY_UIApplicationSupportsIndirectInputEvents = YES;
				INFOPLIST_KEY_UILaunchStoryboardName = LaunchScreen;
				INFOPLIST_KEY_UIMainStoryboardFile = Main;
				INFOPLIST_KEY_UISupportedInterfaceOrientations_iPad = "UIInterfaceOrientationPortrait UIInterfaceOrientationPortraitUpsideDown UIInterfaceOrientationLandscapeLeft UIInterfaceOrientationLandscapeRight";
				INFOPLIST_KEY_UISupportedInterfaceOrientations_iPhone = "UIInterfaceOrientationPortrait UIInterfaceOrientationLandscapeLeft UIInterfaceOrientationLandscapeRight";
				IPHONEOS_DEPLOYMENT_TARGET = 13.0;
				LD_RUNPATH_SEARCH_PATHS = (
					"$(inherited)",
					"@executable_path/Frameworks",
				);
				MARKETING_VERSION = 1.0;
				PRODUCT_BUNDLE_IDENTIFIER = com.yuvi.APOD;
				PRODUCT_NAME = "$(TARGET_NAME)";
				SWIFT_EMIT_LOC_STRINGS = YES;
				SWIFT_VERSION = 5.0;
				TARGETED_DEVICE_FAMILY = "1,2";
			};
			name = Debug;
		};
		7DB5A71A29DC13A100710C18 /* Release */ = {
			isa = XCBuildConfiguration;
			buildSettings = {
				ASSETCATALOG_COMPILER_APPICON_NAME = AppIcon;
				ASSETCATALOG_COMPILER_GLOBAL_ACCENT_COLOR_NAME = AccentColor;
				CODE_SIGN_STYLE = Automatic;
				CURRENT_PROJECT_VERSION = 1;
				DEVELOPMENT_TEAM = G3Q9B6J99G;
				GENERATE_INFOPLIST_FILE = YES;
				INFOPLIST_FILE = APOD/Info.plist;
				INFOPLIST_KEY_UIApplicationSupportsIndirectInputEvents = YES;
				INFOPLIST_KEY_UILaunchStoryboardName = LaunchScreen;
				INFOPLIST_KEY_UIMainStoryboardFile = Main;
				INFOPLIST_KEY_UISupportedInterfaceOrientations_iPad = "UIInterfaceOrientationPortrait UIInterfaceOrientationPortraitUpsideDown UIInterfaceOrientationLandscapeLeft UIInterfaceOrientationLandscapeRight";
				INFOPLIST_KEY_UISupportedInterfaceOrientations_iPhone = "UIInterfaceOrientationPortrait UIInterfaceOrientationLandscapeLeft UIInterfaceOrientationLandscapeRight";
				IPHONEOS_DEPLOYMENT_TARGET = 13.0;
				LD_RUNPATH_SEARCH_PATHS = (
					"$(inherited)",
					"@executable_path/Frameworks",
				);
				MARKETING_VERSION = 1.0;
				PRODUCT_BUNDLE_IDENTIFIER = com.yuvi.APOD;
				PRODUCT_NAME = "$(TARGET_NAME)";
				SWIFT_EMIT_LOC_STRINGS = YES;
				SWIFT_VERSION = 5.0;
				TARGETED_DEVICE_FAMILY = "1,2";
			};
			name = Release;
		};
		7DB5A71C29DC13A100710C18 /* Debug */ = {
			isa = XCBuildConfiguration;
			buildSettings = {
				ALWAYS_EMBED_SWIFT_STANDARD_LIBRARIES = YES;
				BUNDLE_LOADER = "$(TEST_HOST)";
				CODE_SIGN_STYLE = Automatic;
				CURRENT_PROJECT_VERSION = 1;
				DEVELOPMENT_TEAM = G3Q9B6J99G;
				GENERATE_INFOPLIST_FILE = YES;
				IPHONEOS_DEPLOYMENT_TARGET = 16.1;
				MARKETING_VERSION = 1.0;
				PRODUCT_BUNDLE_IDENTIFIER = com.yuvi.APODTests;
				PRODUCT_NAME = "$(TARGET_NAME)";
				SWIFT_EMIT_LOC_STRINGS = NO;
				SWIFT_VERSION = 5.0;
				TARGETED_DEVICE_FAMILY = "1,2";
				TEST_HOST = "$(BUILT_PRODUCTS_DIR)/APOD.app/$(BUNDLE_EXECUTABLE_FOLDER_PATH)/APOD";
			};
			name = Debug;
		};
		7DB5A71D29DC13A100710C18 /* Release */ = {
			isa = XCBuildConfiguration;
			buildSettings = {
				ALWAYS_EMBED_SWIFT_STANDARD_LIBRARIES = YES;
				BUNDLE_LOADER = "$(TEST_HOST)";
				CODE_SIGN_STYLE = Automatic;
				CURRENT_PROJECT_VERSION = 1;
				DEVELOPMENT_TEAM = G3Q9B6J99G;
				GENERATE_INFOPLIST_FILE = YES;
				IPHONEOS_DEPLOYMENT_TARGET = 16.1;
				MARKETING_VERSION = 1.0;
				PRODUCT_BUNDLE_IDENTIFIER = com.yuvi.APODTests;
				PRODUCT_NAME = "$(TARGET_NAME)";
				SWIFT_EMIT_LOC_STRINGS = NO;
				SWIFT_VERSION = 5.0;
				TARGETED_DEVICE_FAMILY = "1,2";
				TEST_HOST = "$(BUILT_PRODUCTS_DIR)/APOD.app/$(BUNDLE_EXECUTABLE_FOLDER_PATH)/APOD";
			};
			name = Release;
		};
		7DB5A71F29DC13A100710C18 /* Debug */ = {
			isa = XCBuildConfiguration;
			buildSettings = {
				ALWAYS_EMBED_SWIFT_STANDARD_LIBRARIES = YES;
				CODE_SIGN_STYLE = Automatic;
				CURRENT_PROJECT_VERSION = 1;
				DEVELOPMENT_TEAM = G3Q9B6J99G;
				GENERATE_INFOPLIST_FILE = YES;
				MARKETING_VERSION = 1.0;
				PRODUCT_BUNDLE_IDENTIFIER = com.yuvi.APODUITests;
				PRODUCT_NAME = "$(TARGET_NAME)";
				SWIFT_EMIT_LOC_STRINGS = NO;
				SWIFT_VERSION = 5.0;
				TARGETED_DEVICE_FAMILY = "1,2";
				TEST_TARGET_NAME = APOD;
			};
			name = Debug;
		};
		7DB5A72029DC13A100710C18 /* Release */ = {
			isa = XCBuildConfiguration;
			buildSettings = {
				ALWAYS_EMBED_SWIFT_STANDARD_LIBRARIES = YES;
				CODE_SIGN_STYLE = Automatic;
				CURRENT_PROJECT_VERSION = 1;
				DEVELOPMENT_TEAM = G3Q9B6J99G;
				GENERATE_INFOPLIST_FILE = YES;
				MARKETING_VERSION = 1.0;
				PRODUCT_BUNDLE_IDENTIFIER = com.yuvi.APODUITests;
				PRODUCT_NAME = "$(TARGET_NAME)";
				SWIFT_EMIT_LOC_STRINGS = NO;
				SWIFT_VERSION = 5.0;
				TARGETED_DEVICE_FAMILY = "1,2";
				TEST_TARGET_NAME = APOD;
			};
			name = Release;
		};
/* End XCBuildConfiguration section */

/* Begin XCConfigurationList section */
		7DB5A6E929DC139F00710C18 /* Build configuration list for PBXProject "APOD" */ = {
			isa = XCConfigurationList;
			buildConfigurations = (
				7DB5A71629DC13A100710C18 /* Debug */,
				7DB5A71729DC13A100710C18 /* Release */,
			);
			defaultConfigurationIsVisible = 0;
			defaultConfigurationName = Release;
		};
		7DB5A71829DC13A100710C18 /* Build configuration list for PBXNativeTarget "APOD" */ = {
			isa = XCConfigurationList;
			buildConfigurations = (
				7DB5A71929DC13A100710C18 /* Debug */,
				7DB5A71A29DC13A100710C18 /* Release */,
			);
			defaultConfigurationIsVisible = 0;
			defaultConfigurationName = Release;
		};
		7DB5A71B29DC13A100710C18 /* Build configuration list for PBXNativeTarget "APODTests" */ = {
			isa = XCConfigurationList;
			buildConfigurations = (
				7DB5A71C29DC13A100710C18 /* Debug */,
				7DB5A71D29DC13A100710C18 /* Release */,
			);
			defaultConfigurationIsVisible = 0;
			defaultConfigurationName = Release;
		};
		7DB5A71E29DC13A100710C18 /* Build configuration list for PBXNativeTarget "APODUITests" */ = {
			isa = XCConfigurationList;
			buildConfigurations = (
				7DB5A71F29DC13A100710C18 /* Debug */,
				7DB5A72029DC13A100710C18 /* Release */,
			);
			defaultConfigurationIsVisible = 0;
			defaultConfigurationName = Release;
		};
/* End XCConfigurationList section */
	};
	rootObject = 7DB5A6E629DC139F00710C18 /* Project object */;
}
